
Microsoft Visual Studio Solution File, Format Version 12.00
# Visual Studio 15
VisualStudioVersion = 15.0.27130.2024
MinimumVisualStudioVersion = 10.0.40219.1
Project("{FAE04EC0-301F-11D3-BF4B-00C04F79EFBC}") = "FirstWebApp", "FirstWebApp\FirstWebApp.csproj", "{548ACFF8-0508-4230-8D4D-59C8D5220BAC}"
EndProject
Global
	GlobalSection(SolutionConfigurationPlatforms) = preSolution
		Debug|Any CPU = Debug|Any CPU
		Release|Any CPU = Release|Any CPU
	EndGlobalSection
	GlobalSection(ProjectConfigurationPlatforms) = postSolution
		{548ACFF8-0508-4230-8D4D-59C8D5220BAC}.Debug|Any CPU.ActiveCfg = Debug|Any CPU
		{548ACFF8-0508-4230-8D4D-59C8D5220BAC}.Debug|Any CPU.Build.0 = Debug|Any CPU
		{548ACFF8-0508-4230-8D4D-59C8D5220BAC}.Release|Any CPU.ActiveCfg = Release|Any CPU
		{548ACFF8-0508-4230-8D4D-59C8D5220BAC}.Release|Any CPU.Build.0 = Release|Any CPU
	EndGlobalSection
	GlobalSection(SolutionProperties) = preSolution
		HideSolutionNode = FALSE
	EndGlobalSection
	GlobalSection(ExtensibilityGlobals) = postSolution
		SolutionGuid = {ACDC128C-86FE-4512-AC79-F02476B5C6BB}
	EndGlobalSection
EndGlobal
